
Microsoft Visual Studio Solution File, Format Version 12.00
# Visual Studio Version 17
VisualStudioVersion = 17.10.35122.118
MinimumVisualStudioVersion = 10.0.40219.1
Project("{FAE04EC0-301F-11D3-BF4B-00C04F79EFBC}") = "ToDoListBlazor", "ToDoListBlazor\ToDoListBlazor.csproj", "{2D716D30-E01B-47CC-879F-C6D8B734D47F}"
EndProject
Global
	GlobalSection(SolutionConfigurationPlatforms) = preSolution
		Debug|Any CPU = Debug|Any CPU
		Release|Any CPU = Release|Any CPU
	EndGlobalSection
	GlobalSection(ProjectConfigurationPlatforms) = postSolution
		{2D716D30-E01B-47CC-879F-C6D8B734D47F}.Debug|Any CPU.ActiveCfg = Debug|Any CPU
		{2D716D30-E01B-47CC-879F-C6D8B734D47F}.Debug|Any CPU.Build.0 = Debug|Any CPU
		{2D716D30-E01B-47CC-879F-C6D8B734D47F}.Release|Any CPU.ActiveCfg = Release|Any CPU
		{2D716D30-E01B-47CC-879F-C6D8B734D47F}.Release|Any CPU.Build.0 = Release|Any CPU
	EndGlobalSection
	GlobalSection(SolutionProperties) = preSolution
		HideSolutionNode = FALSE
	EndGlobalSection
	GlobalSection(ExtensibilityGlobals) = postSolution
		SolutionGuid = {C94115B2-6D5C-4EFC-BE25-B28305A6D34B}
	EndGlobalSection
EndGlobal
